
Microsoft Visual Studio Solution File, Format Version 12.00
Project("{FAE04EC0-301F-11D3-BF4B-00C04F79EFBC}") = "TraderBot.EmailListener", "TraderBot.EmailListener\TraderBot.EmailListener.csproj", "{6FE4300D-309B-4048-9D41-C8898A037B7A}"
EndProject
Project("{FAE04EC0-301F-11D3-BF4B-00C04F79EFBC}") = "TraderBot.EmailListener.UnitTests", "Tests\TraderBot.EmailListener.UnitTests\TraderBot.EmailListener.UnitTests.csproj", "{D9B35D73-79B9-43ED-B71A-523412D220C4}"
EndProject
Project("{FAE04EC0-301F-11D3-BF4B-00C04F79EFBC}") = "TraderBot.BinanceConnect", "TraderBot.BinanceConnect\TraderBot.BinanceConnect.csproj", "{F2123BBC-ABF6-4194-BC18-C0FD6297F8D5}"
EndProject
Project("{FAE04EC0-301F-11D3-BF4B-00C04F79EFBC}") = "TraderBot.Abstractions", "TraderBot.Abstractions\TraderBot.Abstractions.csproj", "{5745F54D-1E5F-4590-8551-30D5D48DE23D}"
EndProject
Project("{FAE04EC0-301F-11D3-BF4B-00C04F79EFBC}") = "TraderBot.BinanceConnect.UnitTests", "Tests\TraderBot.BinanceConnect.UnitTests\TraderBot.BinanceConnect.UnitTests.csproj", "{54220632-49B4-4369-9F60-1558AEA66BFB}"
EndProject
Project("{FAE04EC0-301F-11D3-BF4B-00C04F79EFBC}") = "TraderBot.BinanceConnect.IntegrationTests", "Tests\TraderBot.BinanceConnect.IntegrationTests\TraderBot.BinanceConnect.IntegrationTests.csproj", "{D5ADFA1B-D98E-42A2-85FF-66E84DAB08EA}"
EndProject
Project("{2150E333-8FDC-42A3-9474-1A3956D46DE8}") = "Solution Items", "Solution Items", "{787882F4-C8F2-4414-AD29-FA1879F5F2A6}"
	ProjectSection(SolutionItems) = preProject
		.editorconfig = .editorconfig
		CONTRIBUTING.md = CONTRIBUTING.md
		docker-compose.yaml = docker-compose.yaml
		README.md = README.md
		CHANGELOG.md = CHANGELOG.md
		LICENSE.md = LICENSE.md
		.gitignore = .gitignore
		prometheus.yml = prometheus.yml
	EndProjectSection
EndProject
Project("{FAE04EC0-301F-11D3-BF4B-00C04F79EFBC}") = "TraderBot.OrderController", "TraderBot.OrderController\TraderBot.OrderController.csproj", "{828BEE86-2356-460E-9A10-411C533A4181}"
EndProject
Project("{2150E333-8FDC-42A3-9474-1A3956D46DE8}") = "Protos", "Protos", "{0B3345E9-9C59-421E-AFA1-D6B8FE920D23}"
	ProjectSection(SolutionItems) = preProject
		Protos\order_controller.proto = Protos\order_controller.proto
		Protos\binance_connect.proto = Protos\binance_connect.proto
		Protos\types.proto = Protos\types.proto
		Protos\admin.proto = Protos\admin.proto
		Protos\mail_box.proto = Protos\mail_box.proto
	EndProjectSection
EndProject
Project("{FAE04EC0-301F-11D3-BF4B-00C04F79EFBC}") = "TraderBot.Admin", "TraderBot.Admin\TraderBot.Admin.csproj", "{9EEFE1BD-101E-487D-BA63-B7BDF104783D}"
EndProject
Project("{FAE04EC0-301F-11D3-BF4B-00C04F79EFBC}") = "TraderBot.RavenDb", "TraderBot.RavenDb\TraderBot.RavenDb.csproj", "{39254FC1-5467-4573-AAA0-65B1E694CE5D}"
EndProject
Project("{FAE04EC0-301F-11D3-BF4B-00C04F79EFBC}") = "TraderBot.OrderController.UnitTests", "Tests\TraderBot.OrderController.UnitTests\TraderBot.OrderController.UnitTests.csproj", "{EC525D35-31F9-4765-884A-9CEA8A812AC3}"
EndProject
Global
	GlobalSection(SolutionConfigurationPlatforms) = preSolution
		Debug|Any CPU = Debug|Any CPU
		Release|Any CPU = Release|Any CPU
	EndGlobalSection
	GlobalSection(ProjectConfigurationPlatforms) = postSolution
		{6FE4300D-309B-4048-9D41-C8898A037B7A}.Debug|Any CPU.ActiveCfg = Debug|Any CPU
		{6FE4300D-309B-4048-9D41-C8898A037B7A}.Debug|Any CPU.Build.0 = Debug|Any CPU
		{6FE4300D-309B-4048-9D41-C8898A037B7A}.Release|Any CPU.ActiveCfg = Release|Any CPU
		{6FE4300D-309B-4048-9D41-C8898A037B7A}.Release|Any CPU.Build.0 = Release|Any CPU
		{D9B35D73-79B9-43ED-B71A-523412D220C4}.Debug|Any CPU.ActiveCfg = Debug|Any CPU
		{D9B35D73-79B9-43ED-B71A-523412D220C4}.Debug|Any CPU.Build.0 = Debug|Any CPU
		{D9B35D73-79B9-43ED-B71A-523412D220C4}.Release|Any CPU.ActiveCfg = Release|Any CPU
		{D9B35D73-79B9-43ED-B71A-523412D220C4}.Release|Any CPU.Build.0 = Release|Any CPU
		{F2123BBC-ABF6-4194-BC18-C0FD6297F8D5}.Debug|Any CPU.ActiveCfg = Debug|Any CPU
		{F2123BBC-ABF6-4194-BC18-C0FD6297F8D5}.Debug|Any CPU.Build.0 = Debug|Any CPU
		{F2123BBC-ABF6-4194-BC18-C0FD6297F8D5}.Release|Any CPU.ActiveCfg = Release|Any CPU
		{F2123BBC-ABF6-4194-BC18-C0FD6297F8D5}.Release|Any CPU.Build.0 = Release|Any CPU
		{5745F54D-1E5F-4590-8551-30D5D48DE23D}.Debug|Any CPU.ActiveCfg = Debug|Any CPU
		{5745F54D-1E5F-4590-8551-30D5D48DE23D}.Debug|Any CPU.Build.0 = Debug|Any CPU
		{5745F54D-1E5F-4590-8551-30D5D48DE23D}.Release|Any CPU.ActiveCfg = Release|Any CPU
		{5745F54D-1E5F-4590-8551-30D5D48DE23D}.Release|Any CPU.Build.0 = Release|Any CPU
		{54220632-49B4-4369-9F60-1558AEA66BFB}.Debug|Any CPU.ActiveCfg = Debug|Any CPU
		{54220632-49B4-4369-9F60-1558AEA66BFB}.Debug|Any CPU.Build.0 = Debug|Any CPU
		{54220632-49B4-4369-9F60-1558AEA66BFB}.Release|Any CPU.ActiveCfg = Release|Any CPU
		{54220632-49B4-4369-9F60-1558AEA66BFB}.Release|Any CPU.Build.0 = Release|Any CPU
		{D5ADFA1B-D98E-42A2-85FF-66E84DAB08EA}.Debug|Any CPU.ActiveCfg = Debug|Any CPU
		{D5ADFA1B-D98E-42A2-85FF-66E84DAB08EA}.Debug|Any CPU.Build.0 = Debug|Any CPU
		{D5ADFA1B-D98E-42A2-85FF-66E84DAB08EA}.Release|Any CPU.ActiveCfg = Release|Any CPU
		{D5ADFA1B-D98E-42A2-85FF-66E84DAB08EA}.Release|Any CPU.Build.0 = Release|Any CPU
		{828BEE86-2356-460E-9A10-411C533A4181}.Debug|Any CPU.ActiveCfg = Debug|Any CPU
		{828BEE86-2356-460E-9A10-411C533A4181}.Debug|Any CPU.Build.0 = Debug|Any CPU
		{828BEE86-2356-460E-9A10-411C533A4181}.Release|Any CPU.ActiveCfg = Release|Any CPU
		{828BEE86-2356-460E-9A10-411C533A4181}.Release|Any CPU.Build.0 = Release|Any CPU
		{9EEFE1BD-101E-487D-BA63-B7BDF104783D}.Debug|Any CPU.ActiveCfg = Debug|Any CPU
		{9EEFE1BD-101E-487D-BA63-B7BDF104783D}.Debug|Any CPU.Build.0 = Debug|Any CPU
		{9EEFE1BD-101E-487D-BA63-B7BDF104783D}.Release|Any CPU.ActiveCfg = Release|Any CPU
		{9EEFE1BD-101E-487D-BA63-B7BDF104783D}.Release|Any CPU.Build.0 = Release|Any CPU
		{39254FC1-5467-4573-AAA0-65B1E694CE5D}.Debug|Any CPU.ActiveCfg = Debug|Any CPU
		{39254FC1-5467-4573-AAA0-65B1E694CE5D}.Debug|Any CPU.Build.0 = Debug|Any CPU
		{39254FC1-5467-4573-AAA0-65B1E694CE5D}.Release|Any CPU.ActiveCfg = Release|Any CPU
		{39254FC1-5467-4573-AAA0-65B1E694CE5D}.Release|Any CPU.Build.0 = Release|Any CPU
		{EC525D35-31F9-4765-884A-9CEA8A812AC3}.Debug|Any CPU.ActiveCfg = Debug|Any CPU
		{EC525D35-31F9-4765-884A-9CEA8A812AC3}.Debug|Any CPU.Build.0 = Debug|Any CPU
		{EC525D35-31F9-4765-884A-9CEA8A812AC3}.Release|Any CPU.ActiveCfg = Release|Any CPU
		{EC525D35-31F9-4765-884A-9CEA8A812AC3}.Release|Any CPU.Build.0 = Release|Any CPU
	EndGlobalSection
EndGlobal
